{
  "name": "vuepress-blog",
  "version": "1.0.0",
  "lockfileVersion": 1,
  "requires": true,
  "dependencies": {
    "@babel/helper-module-imports": {
      "version": "7.0.0",
      "resolved": "http://registry.npm.taobao.org/@babel/helper-module-imports/download/@babel/helper-module-imports-7.0.0.tgz",
      "integrity": "sha1-lggbcRHkhtpNLNlxrRpP4hbMLj0=",
      "requires": {
        "@babel/types": "^7.0.0"
      }
    },
    "@babel/helper-plugin-utils": {
      "version": "7.0.0",
      "resolved": "http://registry.npm.taobao.org/@babel/helper-plugin-utils/download/@babel/helper-plugin-utils-7.0.0.tgz",
      "integrity": "sha1-u7P77phmHFaQNCN8wDlnupm08lA="
    },
    "@babel/plugin-syntax-jsx": {
      "version": "7.2.0",
      "resolved": "http://registry.npm.taobao.org/@babel/plugin-syntax-jsx/download/@babel/plugin-syntax-jsx-7.2.0.tgz",
      "integrity": "sha1-C4WjtLx830zEuL8jYzW5B8oi58c=",
      "requires": {
        "@babel/helper-plugin-utils": "^7.0.0"
      }
    },
    "@babel/types": {
      "version": "7.4.0",
      "resolved": "http://registry.npm.taobao.org/@babel/types/download/@babel/types-7.4.0.tgz",
      "integrity": "sha1-Zwck930kzObMfYz2RZnVEdFkiUw=",
      "requires": {
        "esutils": "^2.0.2",
        "lodash": "^4.17.11",
        "to-fast-properties": "^2.0.0"
      }
    },
    "@vssue/api-bitbucket-v2": {
      "version": "0.8.2",
      "resolved": "http://registry.npm.taobao.org/@vssue/api-bitbucket-v2/download/@vssue/api-bitbucket-v2-0.8.2.tgz",
      "integrity": "sha1-5hRNF9nqcT7RfLYZWRmE4HfR9SA=",
      "requires": {
        "@vssue/utils": "^0.8.2",
        "axios": "^0.18.0"
      }
    },
    "@vssue/api-github-v3": {
      "version": "0.8.2",
      "resolved": "http://registry.npm.taobao.org/@vssue/api-github-v3/download/@vssue/api-github-v3-0.8.2.tgz",
      "integrity": "sha1-fql3gKmkCxHqtiMSgw7Vkm/WPmc=",
      "requires": {
        "@vssue/utils": "^0.8.2",
        "axios": "^0.18.0"
      }
    },
    "@vssue/api-gitlab-v4": {
      "version": "0.8.2",
      "resolved": "http://registry.npm.taobao.org/@vssue/api-gitlab-v4/download/@vssue/api-gitlab-v4-0.8.2.tgz",
      "integrity": "sha1-tFDz4WA5R+7QKiKTkACF1z8UAtY=",
      "requires": {
        "@vssue/utils": "^0.8.2",
        "axios": "^0.18.0"
      }
    },
    "@vssue/utils": {
      "version": "0.8.2",
      "resolved": "http://registry.npm.taobao.org/@vssue/utils/download/@vssue/utils-0.8.2.tgz",
      "integrity": "sha1-ivnZM6zI/x33jD6GejubKj92X3A=",
      "requires": {
        "date-fns": "^1.29.0",
        "qs": "^6.6.0"
      }
    },
    "@vssue/vuepress-plugin-vssue": {
      "version": "0.8.2",
      "resolved": "http://registry.npm.taobao.org/@vssue/vuepress-plugin-vssue/download/@vssue/vuepress-plugin-vssue-0.8.2.tgz",
      "integrity": "sha1-/RMp3tNil0x5hHwsy6/AOUp43CI=",
      "requires": {
        "@vssue/api-bitbucket-v2": "^0.8.2",
        "@vssue/api-github-v3": "^0.8.2",
        "@vssue/api-gitlab-v4": "^0.8.2",
        "vssue": "^0.8.2"
      }
    },
    "@vue/babel-helper-vue-jsx-merge-props": {
      "version": "1.0.0-beta.3",
      "resolved": "http://registry.npm.taobao.org/@vue/babel-helper-vue-jsx-merge-props/download/@vue/babel-helper-vue-jsx-merge-props-1.0.0-beta.3.tgz",
      "integrity": "sha1-5MLnEls+DSqdST5FeFCyq7D9PK0="
    },
    "@vue/babel-plugin-transform-vue-jsx": {
      "version": "1.0.0-beta.3",
      "resolved": "http://registry.npm.taobao.org/@vue/babel-plugin-transform-vue-jsx/download/@vue/babel-plugin-transform-vue-jsx-1.0.0-beta.3.tgz",
      "integrity": "sha1-oaROgB2O1hXknxRe8bPqyiwW4uY=",
      "requires": {
        "@babel/helper-module-imports": "^7.0.0",
        "@babel/plugin-syntax-jsx": "^7.2.0",
        "@vue/babel-helper-vue-jsx-merge-props": "^1.0.0-beta.3",
        "html-tags": "^2.0.0",
        "lodash.kebabcase": "^4.1.1",
        "svg-tags": "^1.0.0"
      }
    },
    "@vue/babel-preset-jsx": {
      "version": "1.0.0-beta.3",
      "resolved": "http://registry.npm.taobao.org/@vue/babel-preset-jsx/download/@vue/babel-preset-jsx-1.0.0-beta.3.tgz",
      "integrity": "sha1-FcWEvWLAKGqA8BlnSa44zeXNcDs=",
      "requires": {
        "@vue/babel-helper-vue-jsx-merge-props": "^1.0.0-beta.3",
        "@vue/babel-plugin-transform-vue-jsx": "^1.0.0-beta.3",
        "@vue/babel-sugar-functional-vue": "^1.0.0-beta.3",
        "@vue/babel-sugar-inject-h": "^1.0.0-beta.3",
        "@vue/babel-sugar-v-model": "^1.0.0-beta.3",
        "@vue/babel-sugar-v-on": "^1.0.0-beta.3"
      }
    },
    "@vue/babel-sugar-functional-vue": {
      "version": "1.0.0-beta.3",
      "resolved": "http://registry.npm.taobao.org/@vue/babel-sugar-functional-vue/download/@vue/babel-sugar-functional-vue-1.0.0-beta.3.tgz",
      "integrity": "sha1-QahVeGlx2su+gESFju/pjeCJvxI=",
      "requires": {
        "@babel/plugin-syntax-jsx": "^7.2.0"
      }
    },
    "@vue/babel-sugar-inject-h": {
      "version": "1.0.0-beta.3",
      "resolved": "http://registry.npm.taobao.org/@vue/babel-sugar-inject-h/download/@vue/babel-sugar-inject-h-1.0.0-beta.3.tgz",
      "integrity": "sha1-vh0At0oaif7TWpsUFac4w28SWWY=",
      "requires": {
        "@babel/plugin-syntax-jsx": "^7.2.0"
      }
    },
    "@vue/babel-sugar-v-model": {
      "version": "1.0.0-beta.3",
      "resolved": "http://registry.npm.taobao.org/@vue/babel-sugar-v-model/download/@vue/babel-sugar-v-model-1.0.0-beta.3.tgz",
      "integrity": "sha1-6pNbDgi/WMEloTSbgZFWBZWQmTw=",
      "requires": {
        "@babel/plugin-syntax-jsx": "^7.2.0",
        "@vue/babel-helper-vue-jsx-merge-props": "^1.0.0-beta.3",
        "@vue/babel-plugin-transform-vue-jsx": "^1.0.0-beta.3",
        "camelcase": "^5.0.0",
        "html-tags": "^2.0.0",
        "svg-tags": "^1.0.0"
      }
    },
    "@vue/babel-sugar-v-on": {
      "version": "1.0.0-beta.3",
      "resolved": "http://registry.npm.taobao.org/@vue/babel-sugar-v-on/download/@vue/babel-sugar-v-on-1.0.0-beta.3.tgz",
      "integrity": "sha1-L1/ttDiD9gP+dgEPJTuFx0ZYVf4=",
      "requires": {
        "@babel/plugin-syntax-jsx": "^7.2.0",
        "@vue/babel-plugin-transform-vue-jsx": "^1.0.0-beta.3",
        "camelcase": "^5.0.0"
      }
    },
    "@vuepress/plugin-back-to-top": {
      "version": "1.0.0-alpha.44",
      "resolved": "http://registry.npm.taobao.org/@vuepress/plugin-back-to-top/download/@vuepress/plugin-back-to-top-1.0.0-alpha.44.tgz",
      "integrity": "sha1-5IDCMoMRioyQwyka0ay65ZPPMzw=",
      "requires": {
        "lodash.debounce": "^4.0.8"
      }
    },
    "@vuepress/plugin-google-analytics": {
      "version": "1.0.0-alpha.44",
      "resolved": "http://registry.npm.taobao.org/@vuepress/plugin-google-analytics/download/@vuepress/plugin-google-analytics-1.0.0-alpha.44.tgz",
      "integrity": "sha1-X6Ttw0HP/GNIBMb3LbB2/Qv/w8A="
    },
    "axios": {
      "version": "0.18.0",
      "resolved": "http://registry.npm.taobao.org/axios/download/axios-0.18.0.tgz",
      "integrity": "sha1-MtU+SFHv3AoRmTts0AB4nXDAUQI=",
      "requires": {
        "follow-redirects": "^1.3.0",
        "is-buffer": "^1.1.5"
      }
    },
    "camelcase": {
      "version": "5.3.1",
      "resolved": "http://registry.npm.taobao.org/camelcase/download/camelcase-5.3.1.tgz",
      "integrity": "sha1-48mzFWnhBoEd8kL3FXJaH0xJQyA="
    },
    "date-fns": {
      "version": "1.30.1",
      "resolved": "http://registry.npm.taobao.org/date-fns/download/date-fns-1.30.1.tgz",
      "integrity": "sha1-LnG/CxGRU9u0zE6I2epaz7UNwFw="
    },
    "debug": {
      "version": "3.2.6",
      "resolved": "http://registry.npm.taobao.org/debug/download/debug-3.2.6.tgz",
      "integrity": "sha1-6D0X3hbYp++3cX7b5fsQE17uYps=",
      "requires": {
        "ms": "^2.1.1"
      }
    },
    "esutils": {
      "version": "2.0.2",
      "resolved": "http://registry.npm.taobao.org/esutils/download/esutils-2.0.2.tgz",
      "integrity": "sha1-Cr9PHKpbyx96nYrMbepPqqBLrJs="
    },
    "extend": {
      "version": "1.2.1",
      "resolved": "http://registry.npm.taobao.org/extend/download/extend-1.2.1.tgz",
      "integrity": "sha1-oPX9bPyDpf5J72mNYOyKYk3UV2w="
    },
    "follow-redirects": {
      "version": "1.7.0",
      "resolved": "http://registry.npm.taobao.org/follow-redirects/download/follow-redirects-1.7.0.tgz",
      "integrity": "sha1-SJ68GY3A5/ZBZ70jsDxMGbV4THY=",
      "requires": {
        "debug": "^3.2.6"
      }
    },
    "geopattern": {
      "version": "1.2.3",
      "resolved": "http://registry.npm.taobao.org/geopattern/download/geopattern-1.2.3.tgz",
      "integrity": "sha1-3pZgLkbbqQlcpXdL+zs2MI9+Y/4=",
      "requires": {
        "extend": "~1.2.1"
      }
    },
    "github-markdown-css": {
      "version": "2.10.0",
      "resolved": "http://registry.npm.taobao.org/github-markdown-css/download/github-markdown-css-2.10.0.tgz",
      "integrity": "sha1-BhL+0igWszsoLzfvje96Tsq/6ZM="
    },
    "html-tags": {
      "version": "2.0.0",
      "resolved": "http://registry.npm.taobao.org/html-tags/download/html-tags-2.0.0.tgz",
      "integrity": "sha1-ELMKOGCF9Dzt41PMj6fLDe7qZos="
    },
    "is-buffer": {
      "version": "1.1.6",
      "resolved": "http://registry.npm.taobao.org/is-buffer/download/is-buffer-1.1.6.tgz",
      "integrity": "sha1-76ouqdqg16suoTqXsritUf776L4="
    },
    "lodash": {
      "version": "4.17.11",
      "resolved": "http://registry.npm.taobao.org/lodash/download/lodash-4.17.11.tgz",
      "integrity": "sha1-s56mIp72B+zYniyN8SU2iRysm40="
    },
    "lodash.debounce": {
      "version": "4.0.8",
      "resolved": "http://registry.npm.taobao.org/lodash.debounce/download/lodash.debounce-4.0.8.tgz",
      "integrity": "sha1-gteb/zCmfEAF/9XiUVMArZyk168="
    },
    "lodash.kebabcase": {
      "version": "4.1.1",
      "resolved": "http://registry.npm.taobao.org/lodash.kebabcase/download/lodash.kebabcase-4.1.1.tgz",
      "integrity": "sha1-hImxyw0p/4gZXM7KRI/21swpXDY="
    },
    "lodash.throttle": {
      "version": "4.1.1",
      "resolved": "http://registry.npm.taobao.org/lodash.throttle/download/lodash.throttle-4.1.1.tgz",
      "integrity": "sha1-wj6RtxAkKscMN/HhzaknTMOb8vQ="
    },
    "markdown-it-container": {
      "version": "2.0.0",
      "resolved": "http://registry.npm.taobao.org/markdown-it-container/download/markdown-it-container-2.0.0.tgz",
      "integrity": "sha1-ABm0P9Au7+zi8ZYKKJX7qBpARpU="
    },
    "ms": {
      "version": "2.1.1",
      "resolved": "http://registry.npm.taobao.org/ms/download/ms-2.1.1.tgz",
      "integrity": "sha1-MKWGTrPrsKZvLr5tcnrwagnYbgo="
    },
    "nprogress": {
      "version": "0.2.0",
      "resolved": "http://registry.npm.taobao.org/nprogress/download/nprogress-0.2.0.tgz",
      "integrity": "sha1-y480xTIT2JVyP8urkH6UIq28r7E="
    },
    "qs": {
      "version": "6.7.0",
      "resolved": "http://registry.npm.taobao.org/qs/download/qs-6.7.0.tgz",
      "integrity": "sha1-QdwaAV49WB8WIXdr4xr7KHapsbw="
    },
    "smoothscroll-polyfill": {
      "version": "0.4.4",
      "resolved": "http://registry.npm.taobao.org/smoothscroll-polyfill/download/smoothscroll-polyfill-0.4.4.tgz",
      "integrity": "sha1-OiWRMdxpMObKgAA+HLA7YDtpq/g="
    },
    "svg-tags": {
      "version": "1.0.0",
      "resolved": "http://registry.npm.taobao.org/svg-tags/download/svg-tags-1.0.0.tgz",
      "integrity": "sha1-WPcc7jvVGbWdSyqEO2x95krAR2Q="
    },
    "to-fast-properties": {
      "version": "2.0.0",
      "resolved": "http://registry.npm.taobao.org/to-fast-properties/download/to-fast-properties-2.0.0.tgz",
      "integrity": "sha1-3F5pjL0HkmW8c+A3doGk5Og/YW4="
    },
    "vssue": {
      "version": "0.8.2",
      "resolved": "http://registry.npm.taobao.org/vssue/download/vssue-0.8.2.tgz",
      "integrity": "sha1-z0T2yvbraJaSkxD0Kb8E1LgP0kE=",
      "requires": {
        "@vssue/utils": "^0.8.2",
        "github-markdown-css": "^2.10.0",
        "vue": "^2.5.21",
        "vue-i18n": "^8.7.0",
        "vue-property-decorator": "^7.2.0"
      }
    },
    "vue": {
      "version": "2.6.10",
      "resolved": "http://registry.npm.taobao.org/vue/download/vue-2.6.10.tgz?cache=0&other_urls=http%3A%2F%2Fregistry.npm.taobao.org%2Fvue%2Fdownload%2Fvue-2.6.10.tgz",
      "integrity": "sha1-pysaQqTYKnIepDjRtr9V5mGVxjc="
    },
    "vue-class-component": {
      "version": "6.3.2",
      "resolved": "http://registry.npm.taobao.org/vue-class-component/download/vue-class-component-6.3.2.tgz",
      "integrity": "sha1-5gN+hNHfKvO95PRV5Qyhue7AK+Y="
    },
    "vue-i18n": {
      "version": "8.10.0",
      "resolved": "http://registry.npm.taobao.org/vue-i18n/download/vue-i18n-8.10.0.tgz",
      "integrity": "sha1-6V8hW1VIvt9WEMFFBqyzQ4cXtr0="
    },
    "vue-property-decorator": {
      "version": "7.3.0",
      "resolved": "http://registry.npm.taobao.org/vue-property-decorator/download/vue-property-decorator-7.3.0.tgz",
      "integrity": "sha1-1Q1n8LDxyBT58vujbW7sy8xi27Y=",
      "requires": {
        "vue-class-component": "^6.2.0"
      }
    },
    "vuepress-plugin-container": {
      "version": "1.1.2",
      "resolved": "http://registry.npm.taobao.org/vuepress-plugin-container/download/vuepress-plugin-container-1.1.2.tgz",
      "integrity": "sha1-O88Q0zWmV8frmTixSZ1qfDdiVFY=",
      "requires": {
        "markdown-it-container": "^2.0.0"
      }
    },
    "vuepress-plugin-nprogress": {
      "version": "1.0.0",
      "resolved": "http://registry.npm.taobao.org/vuepress-plugin-nprogress/download/vuepress-plugin-nprogress-1.0.0.tgz",
      "integrity": "sha1-jOVhU3zKRwqvFziz415pnSEUn30=",
      "requires": {
        "nprogress": "^0.2.0"
      }
    },
    "vuepress-plugin-smooth-scroll": {
      "version": "0.0.3",
      "resolved": "http://registry.npm.taobao.org/vuepress-plugin-smooth-scroll/download/vuepress-plugin-smooth-scroll-0.0.3.tgz",
      "integrity": "sha1-bv8tTBhsypF8yfffKwr33nyMZDg=",
      "requires": {
        "smoothscroll-polyfill": "^0.4.3"
      }
    },
    "vuepress-plugin-zooming": {
      "version": "1.1.0",
      "resolved": "http://registry.npm.taobao.org/vuepress-plugin-zooming/download/vuepress-plugin-zooming-1.1.0.tgz",
      "integrity": "sha1-sjp2op79C7Ot4IraU26dDH5XjjU=",
      "requires": {
        "zooming": "^2.1.1"
      }
    },
    "vuepress-theme-meteorlxy": {
      "version": "1.0.0-alpha.34",
      "resolved": "http://registry.npm.taobao.org/vuepress-theme-meteorlxy/download/vuepress-theme-meteorlxy-1.0.0-alpha.34.tgz",
      "integrity": "sha1-h0wY23grHC5XxUtRzflXX3G4DyA=",
      "requires": {
        "@vssue/vuepress-plugin-vssue": "^0.8.1",
        "@vue/babel-preset-jsx": "^1.0.0-beta.2",
        "@vuepress/plugin-back-to-top": "1.0.0-alpha.44",
        "@vuepress/plugin-google-analytics": "1.0.0-alpha.44",
        "date-fns": "^1.30.1",
        "geopattern": "^1.2.3",
        "lodash.debounce": "^4.0.8",
        "lodash.throttle": "^4.1.1",
        "vuepress-plugin-container": "^1.1.1",
        "vuepress-plugin-nprogress": "^1.0.0",
        "vuepress-plugin-smooth-scroll": "^0.0.3",
        "vuepress-plugin-zooming": "^1.0.0"
      }
    },
    "zooming": {
      "version": "2.1.1",
      "resolved": "http://registry.npm.taobao.org/zooming/download/zooming-2.1.1.tgz",
      "integrity": "sha1-PgUAa04QM1I1ymJiRNBT2QqcfnI="
    }
  }
}
